{
  "name": "plotplay-bot",
  "version": "1.0.0",
  "lockfileVersion": 3,
  "requires": true,
  "packages": {
    "": {
      "name": "plotplay-bot",
      "version": "1.0.0",
      "dependencies": {
        "mysql2": "^3.11.0",
        "node-telegram-bot-api": "^0.66.0"
      }
    },
    "node_modules/mysql2": {
      "version": "3.11.5",
      "resolved": "https://registry.npmjs.org/mysql2/-/mysql2-3.11.5.tgz",
      "integrity": "sha512-f8tB7mHqNjGGBkREMYPCpOxLMVwPKfRiSVJNEQhGMkbYFNBnqluEOlRCb6C9EaAqUvZBSzBCPNLVC+7dSJPYg=="
    },
    "node_modules/node-telegram-bot-api": {
      "version": "0.66.0",
      "resolved": "https://registry.npmjs.org/node-telegram-bot-api/-/node-telegram-bot-api-0.66.0.tgz",
      "integrity": "sha512-s4HrgmaqgLQst5of9YDQxGxm0P1DdM0CRVsKpOmFN+FMNSBOoTbVNhFVjh/YUJK1fJE0pmhXW/z8rJAUkBIRg=="
    }
  }
}
